
Microsoft Visual Studio Solution File, Format Version 12.00
# Visual Studio Version 17
VisualStudioVersion = 17.7.34024.191
MinimumVisualStudioVersion = 10.0.40219.1
Project("{FAE04EC0-301F-11D3-BF4B-00C04F79EFBC}") = "BaitaivenhaThayTung", "BaitaivenhaThayTung.csproj", "{06138832-0C6D-41BE-B79B-9210F6679828}"
EndProject
Global
	GlobalSection(SolutionConfigurationPlatforms) = preSolution
		Debug|Any CPU = Debug|Any CPU
		Release|Any CPU = Release|Any CPU
	EndGlobalSection
	GlobalSection(ProjectConfigurationPlatforms) = postSolution
		{06138832-0C6D-41BE-B79B-9210F6679828}.Debug|Any CPU.ActiveCfg = Debug|Any CPU
		{06138832-0C6D-41BE-B79B-9210F6679828}.Debug|Any CPU.Build.0 = Debug|Any CPU
		{06138832-0C6D-41BE-B79B-9210F6679828}.Release|Any CPU.ActiveCfg = Release|Any CPU
		{06138832-0C6D-41BE-B79B-9210F6679828}.Release|Any CPU.Build.0 = Release|Any CPU
	EndGlobalSection
	GlobalSection(SolutionProperties) = preSolution
		HideSolutionNode = FALSE
	EndGlobalSection
	GlobalSection(ExtensibilityGlobals) = postSolution
		SolutionGuid = {8D457056-E253-4D0A-ADB2-842A1F1EE5E3}
	EndGlobalSection
EndGlobal
